
Microsoft Visual Studio Solution File, Format Version 12.00
# Visual Studio Version 16
VisualStudioVersion = 16.0.30907.101
MinimumVisualStudioVersion = 10.0.40219.1
Project("{FAE04EC0-301F-11D3-BF4B-00C04F79EFBC}") = "ArtGallery1", "ArtGallery1.csproj", "{9BABB163-F255-4D79-BF5A-9FDBCE958F58}"
EndProject
Global
	GlobalSection(SolutionConfigurationPlatforms) = preSolution
		Debug|Any CPU = Debug|Any CPU
		Release|Any CPU = Release|Any CPU
	EndGlobalSection
	GlobalSection(ProjectConfigurationPlatforms) = postSolution
		{9BABB163-F255-4D79-BF5A-9FDBCE958F58}.Debug|Any CPU.ActiveCfg = Debug|Any CPU
		{9BABB163-F255-4D79-BF5A-9FDBCE958F58}.Debug|Any CPU.Build.0 = Debug|Any CPU
		{9BABB163-F255-4D79-BF5A-9FDBCE958F58}.Release|Any CPU.ActiveCfg = Release|Any CPU
		{9BABB163-F255-4D79-BF5A-9FDBCE958F58}.Release|Any CPU.Build.0 = Release|Any CPU
	EndGlobalSection
	GlobalSection(SolutionProperties) = preSolution
		HideSolutionNode = FALSE
	EndGlobalSection
	GlobalSection(ExtensibilityGlobals) = postSolution
		SolutionGuid = {61C6223C-080A-40DE-B98B-282843C0F2EF}
	EndGlobalSection
EndGlobal
